{
  "name": "test",
  "lockfileVersion": 2,
  "requires": true,
  "packages": {
    "": {
      "dependencies": {
        "astn-expect-lib": "^0.18.0",
        "astn-marshall-lib": "^0.18.0",
        "astn-parser-lib": "^0.23.0",
        "astn-tokenizer-lib": "^0.17.0",
        "astn-typedtreehandler-lib": "^0.14.0",
        "astn-unmarshall-lib": "^0.21.0",
        "fountain-pen-lib": "^4.13.0",
        "pareto-core-async": "^0.26.0",
        "pareto-core-exe": "^0.3.0",
        "pareto-filesystem-res": "^0.40.0",
        "pareto-lang-lib": "^0.19.0",
        "pareto-core-lib": "^0.4.0",
        "pareto-core-resolve": "^0.14.0"
      }
    },
    "node_modules/astn-expect-lib": {
      "version": "0.18.0",
      "resolved": "https://registry.npmjs.org/astn-expect-lib/-/astn-expect-lib-0.18.0.tgz",
      "integrity": "sha512-Xk8X8v9NRPspQA0YRmL3j8o0yVtNLk0iMBORcldAJE9IJcwlVvbV0Qs9mUlVl3WgTXK376FdRmltMcAG0oofwQ==",
      "dependencies": {
        "astn-handlers-api": "^0.15.0",
        "pareto-core-candidates": "^0.13.0",
        "pareto-core-lib": "^0.11.0",
        "pareto-statemachine-core": "^0.1.0",
        "pareto-core-tostring": "^0.1.0",
        "pareto-ugly-stuff-api": "^0.10.0"
      }
    },
    "node_modules/astn-expect-lib/node_modules/astn-handlers-api": {
      "version": "0.15.0",
      "resolved": "https://registry.npmjs.org/astn-handlers-api/-/astn-handlers-api-0.15.0.tgz",
      "integrity": "sha512-oDMhz7IHJYQ52Mmz0V/7e0ENvMY7Uvy8dhcSSaC0rzHX2zo4kEOb6Dn5IcQ91QZF70GxctekyxLqxJqhXwnreA=="
    },
    "node_modules/astn-expect-lib/node_modules/pareto-core-candidates": {
      "version": "0.13.0",
      "resolved": "https://registry.npmjs.org/pareto-core-candidates/-/pareto-core-candidates-0.13.0.tgz",
      "integrity": "sha512-p1KCsZaGLIkDoBSQgLWgzzPUD9EQA55x/bgX88y9PlR/9F+hjs/SyUrRD8yuJlLVAiLuAiAtQH2T47adpDsVNA==",
      "dependencies": {
        "pareto-core-lib": "^0.11.0",
        "pareto-statemachine-core": "^0.1.0"
      }
    },
    "node_modules/astn-expect-lib/node_modules/pareto-core-lib": {
      "version": "0.11.0",
      "resolved": "https://registry.npmjs.org/pareto-core-lib/-/pareto-core-lib-0.11.0.tgz",
      "integrity": "sha512-1oxjBVEjORAot9gbEuA4hfolvTYi2iju6emT47zMpL/VwtHrVg42chtZAHQPU7AVGD+ItIeuoX4DMG9OnHJeDQ==",
      "dependencies": {
        "pareto-typesystem-core": "^0.4.0"
      }
    },
    "node_modules/astn-handlers-api": {
      "version": "0.13.0",
      "resolved": "https://registry.npmjs.org/astn-handlers-api/-/astn-handlers-api-0.13.0.tgz",
      "integrity": "sha512-H7//L+H+g5Vzxm+m0b7xG5WYcmuXogDDD+OohnGoS99fHpEk4UF2kwlLKy1lsJxRV+oC8PdzkM7n4Av4h6A8rg=="
    },
    "node_modules/astn-marshall-api": {
      "version": "0.12.0",
      "resolved": "https://registry.npmjs.org/astn-marshall-api/-/astn-marshall-api-0.12.0.tgz",
      "integrity": "sha512-BGO21OPYaEv2tXKJx5Uha4ciRYdlytWnt7P8pK6eF5MMvcz/6bk7e2HA9GsRDHlsO0u2ZE2lyqoy+q+v+Z4J5A==",
      "dependencies": {
        "astn-handlers-api": "^0.13.0",
        "astn-serializer-api": "^0.10.0",
        "astn-tokenconsumer-api": "^0.5.0"
      }
    },
    "node_modules/astn-marshall-api/node_modules/astn-tokenconsumer-api": {
      "version": "0.5.0",
      "resolved": "https://registry.npmjs.org/astn-tokenconsumer-api/-/astn-tokenconsumer-api-0.5.0.tgz",
      "integrity": "sha512-NKbB0qt/4cLKpxBbiqnKc2akbsf97oqsjUf2l+osMSyLtzQHUgweg2+UhFBWhPj1hGBoCZXZuYLIdz3N/YFBAQ=="
    },
    "node_modules/astn-marshall-lib": {
      "version": "0.18.0",
      "resolved": "https://registry.npmjs.org/astn-marshall-lib/-/astn-marshall-lib-0.18.0.tgz",
      "integrity": "sha512-L3T1fQyMbeKe3vMu9EbGCprVtofQNMNnVQecwewRTJ1Mzl1r9P0fHCPSFWfqRjLgfkPzxZghz3HsVuxEf7OXyw==",
      "dependencies": {
        "astn-marshall-api": "^0.12.0",
        "astn-parser-api": "^0.26.0",
        "astn-typedhandlers-api": "^0.17.0",
        "pareto-core-lib": "^0.6.0"
      }
    },
    "node_modules/astn-marshall-lib/node_modules/astn-typedhandlers-api": {
      "version": "0.17.0",
      "resolved": "https://registry.npmjs.org/astn-typedhandlers-api/-/astn-typedhandlers-api-0.17.0.tgz",
      "integrity": "sha512-KNSGTqAJZDhC1D28X8DXd0PIbRK/R8VV1UOW32qaElZf8+LMtKy8+QP4VnzwiSfmzWlVPq19Z1azBZza4Wu+Nw==",
      "dependencies": {
        "astn-handlers-api": "^0.13.0",
        "pareto-api-core": "^0.3.0"
      }
    },
    "node_modules/astn-marshall-lib/node_modules/pareto-core-lib": {
      "version": "0.6.0",
      "resolved": "https://registry.npmjs.org/pareto-core-lib/-/pareto-core-lib-0.6.0.tgz",
      "integrity": "sha512-Y365jVSamLVtucErTZnEVLBMAP7m0nBl4+IQ668dXIQHq36tC1na7j1fMRRu2aU5I5ld3U1tV1B46iHudW5+iA==",
      "dependencies": {
        "pareto-api-core": "^0.3.0"
      }
    },
    "node_modules/astn-parser-api": {
      "version": "0.26.0",
      "resolved": "https://registry.npmjs.org/astn-parser-api/-/astn-parser-api-0.26.0.tgz",
      "integrity": "sha512-zxRvc4wuTmjf8n1CBQ0+aA702A/PqeYFPeteUiqylaiHSLxBuwd207Vdp/Y4UJ8IiaTbnISpmfNHUjNoyCcWYQ==",
      "dependencies": {
        "astn-handlers-api": "^0.13.0",
        "astn-tokenconsumer-api": "^0.5.0"
      }
    },
    "node_modules/astn-parser-api/node_modules/astn-tokenconsumer-api": {
      "version": "0.5.0",
      "resolved": "https://registry.npmjs.org/astn-tokenconsumer-api/-/astn-tokenconsumer-api-0.5.0.tgz",
      "integrity": "sha512-NKbB0qt/4cLKpxBbiqnKc2akbsf97oqsjUf2l+osMSyLtzQHUgweg2+UhFBWhPj1hGBoCZXZuYLIdz3N/YFBAQ=="
    },
    "node_modules/astn-parser-lib": {
      "version": "0.23.0",
      "resolved": "https://registry.npmjs.org/astn-parser-lib/-/astn-parser-lib-0.23.0.tgz",
      "integrity": "sha512-QwEfGzoFB28TaF9nZzwqY2Ivc3d+ouBR9MG1TG0CdnNVv7I2o3sGa5vBcN0M9Dabn9WyFf06NMra0I6s0K2ZtQ==",
      "dependencies": {
        "astn-parser-api": "^0.26.0",
        "pareto-core-lib": "^0.6.0"
      }
    },
    "node_modules/astn-parser-lib/node_modules/pareto-core-lib": {
      "version": "0.6.0",
      "resolved": "https://registry.npmjs.org/pareto-core-lib/-/pareto-core-lib-0.6.0.tgz",
      "integrity": "sha512-Y365jVSamLVtucErTZnEVLBMAP7m0nBl4+IQ668dXIQHq36tC1na7j1fMRRu2aU5I5ld3U1tV1B46iHudW5+iA==",
      "dependencies": {
        "pareto-api-core": "^0.3.0"
      }
    },
    "node_modules/astn-serializer-api": {
      "version": "0.10.0",
      "resolved": "https://registry.npmjs.org/astn-serializer-api/-/astn-serializer-api-0.10.0.tgz",
      "integrity": "sha512-b0c2DEPYsqQZ3JwCvNEHEBRBApFYAbE9rUfRUwMBxrLT1+XxlY10gLle2fXcLK9TCWQsoLWtZknHgUkfjksJ3w==",
      "dependencies": {
        "astn-handlers-api": "^0.13.0"
      }
    },
    "node_modules/astn-tokenconsumer-api": {
      "version": "0.4.0",
      "resolved": "https://registry.npmjs.org/astn-tokenconsumer-api/-/astn-tokenconsumer-api-0.4.0.tgz",
      "integrity": "sha512-ZEXgLcNPX01a0aM69A6QCG4SXZtteYZeS3RlUQzRTxdVsE7SD6zDnWn8L5AV07KL2P/dZnVjOpWHMkUxul4+hA=="
    },
    "node_modules/astn-tokenizer-api": {
      "version": "0.8.0",
      "resolved": "https://registry.npmjs.org/astn-tokenizer-api/-/astn-tokenizer-api-0.8.0.tgz",
      "integrity": "sha512-ZaKqZ8spQlN/kSU7/WOZP6h+63soNjJy4zghZSeFnSLbrXGCzIRt1rSU5a1AbdDMUoIB1/SvGzDM+GSqn0Y6nQ==",
      "dependencies": {
        "astn-tokenconsumer-api": "^0.5.0"
      }
    },
    "node_modules/astn-tokenizer-api/node_modules/astn-tokenconsumer-api": {
      "version": "0.5.0",
      "resolved": "https://registry.npmjs.org/astn-tokenconsumer-api/-/astn-tokenconsumer-api-0.5.0.tgz",
      "integrity": "sha512-NKbB0qt/4cLKpxBbiqnKc2akbsf97oqsjUf2l+osMSyLtzQHUgweg2+UhFBWhPj1hGBoCZXZuYLIdz3N/YFBAQ=="
    },
    "node_modules/astn-tokenizer-lib": {
      "version": "0.17.0",
      "resolved": "https://registry.npmjs.org/astn-tokenizer-lib/-/astn-tokenizer-lib-0.17.0.tgz",
      "integrity": "sha512-b/vSzklT1vKIkJC4cJR5moa2GX7Uwjn3gsz0SUx9huX7qFv8RvZNnw0Wa/ff3J96gCl40T0l3dFNuuCOZLKmrw==",
      "dependencies": {
        "astn-tokenizer-api": "^0.8.0",
        "pareto-core-lib": "^0.6.0"
      }
    },
    "node_modules/astn-tokenizer-lib/node_modules/pareto-core-lib": {
      "version": "0.6.0",
      "resolved": "https://registry.npmjs.org/pareto-core-lib/-/pareto-core-lib-0.6.0.tgz",
      "integrity": "sha512-Y365jVSamLVtucErTZnEVLBMAP7m0nBl4+IQ668dXIQHq36tC1na7j1fMRRu2aU5I5ld3U1tV1B46iHudW5+iA==",
      "dependencies": {
        "pareto-api-core": "^0.3.0"
      }
    },
    "node_modules/astn-typedhandlers-api": {
      "version": "0.14.0",
      "resolved": "https://registry.npmjs.org/astn-typedhandlers-api/-/astn-typedhandlers-api-0.14.0.tgz",
      "integrity": "sha512-XI87tlphRzp9gaPcVW3OuHT3K5RB0Hiw/S/fIywEHEsjhqWmZFRauWo9gUlhEeX8LJzHNBMFVgEC/hCfEJPvhQ==",
      "dependencies": {
        "astn-handlers-api": "^0.10.0",
        "pareto-api-core": "^0.3.0"
      }
    },
    "node_modules/astn-typedhandlers-api/node_modules/astn-handlers-api": {
      "version": "0.10.0",
      "resolved": "https://registry.npmjs.org/astn-handlers-api/-/astn-handlers-api-0.10.0.tgz",
      "integrity": "sha512-WBW+qQ15qgh1jrbgw3Sn8cVpnD6O05Jw6v5zBF1FZPCY8vuhVmyqxKJKcABk9TGpzOsQtKlLXIByZeisPvAQ1A==",
      "dependencies": {
        "astn-tokenconsumer-api": "^0.4.0"
      }
    },
    "node_modules/astn-typedtreehandler-lib": {
      "version": "0.14.0",
      "resolved": "https://registry.npmjs.org/astn-typedtreehandler-lib/-/astn-typedtreehandler-lib-0.14.0.tgz",
      "integrity": "sha512-eSgZTMKoBsxR4TlJEeJVpnS28/f/Z+fXLP4um+sSIwxi1q/7RyAK2slesQSTO0IKScb8N8r9TUirZiIg8IwnJA==",
      "dependencies": {
        "astn-expect-api": "^0.4.0",
        "astn-handlers-api": "^0.11.0",
        "astn-tokenconsumer-api": "^0.4.0",
        "astn-typedhandlers-api": "^0.14.0",
        "pareto-core-lib": "^0.6.0",
        "pareto-resolve-lib": "^0.5.0"
      }
    },
    "node_modules/astn-typedtreehandler-lib/node_modules/astn-expect-api": {
      "version": "0.4.0",
      "resolved": "https://registry.npmjs.org/astn-expect-api/-/astn-expect-api-0.4.0.tgz",
      "integrity": "sha512-gV44JBE7m1c85tNtg47JYKFvyC6qyvTYvaNFO4qCmK7b+BBo4DBd5qvlOjWAGlnqnbkM50XSda68m8bFP1Dghg==",
      "dependencies": {
        "astn-handlers-api": "^0.11.0"
      }
    },
    "node_modules/astn-typedtreehandler-lib/node_modules/astn-handlers-api": {
      "version": "0.11.0",
      "resolved": "https://registry.npmjs.org/astn-handlers-api/-/astn-handlers-api-0.11.0.tgz",
      "integrity": "sha512-EEL9iejjvRUC05RSOdQZFI9MibtoOJEk+NmkUQwIz9PzQtM9Ix5PL7LwJmleo7RMLSo6y/eNG4RTJMUV1+RY6Q==",
      "dependencies": {
        "astn-tokenconsumer-api": "^0.4.0"
      }
    },
    "node_modules/astn-typedtreehandler-lib/node_modules/pareto-core-lib": {
      "version": "0.6.0",
      "resolved": "https://registry.npmjs.org/pareto-core-lib/-/pareto-core-lib-0.6.0.tgz",
      "integrity": "sha512-Y365jVSamLVtucErTZnEVLBMAP7m0nBl4+IQ668dXIQHq36tC1na7j1fMRRu2aU5I5ld3U1tV1B46iHudW5+iA==",
      "dependencies": {
        "pareto-api-core": "^0.3.0"
      }
    },
    "node_modules/astn-typedtreehandler-lib/node_modules/pareto-resolve-lib": {
      "version": "0.5.0",
      "resolved": "https://registry.npmjs.org/pareto-resolve-lib/-/pareto-resolve-lib-0.5.0.tgz",
      "integrity": "sha512-sWZ2KZLoU1V0ZjTWDSMDbog17gsNhCB2k1cDNSj09wv2oe0QpbWOWEndytmn3PE0soEOAFS7V07mc+kPa4Pnsw==",
      "dependencies": {
        "pareto-api-core": "^0.3.0"
      }
    },
    "node_modules/astn-unmarshall-api": {
      "version": "0.15.0",
      "resolved": "https://registry.npmjs.org/astn-unmarshall-api/-/astn-unmarshall-api-0.15.0.tgz",
      "integrity": "sha512-0l6LACcMvscYTawjKgEEeIYKCxFVumcF8k8YT2Z/viXTwH43QEHVI1m1xmWGItN4mKMuAAA4FIKfUgPlZSvkFQ==",
      "dependencies": {
        "astn-handlers-api": "^0.13.0",
        "astn-typedhandlers-api": "^0.17.0"
      }
    },
    "node_modules/astn-unmarshall-api/node_modules/astn-typedhandlers-api": {
      "version": "0.17.0",
      "resolved": "https://registry.npmjs.org/astn-typedhandlers-api/-/astn-typedhandlers-api-0.17.0.tgz",
      "integrity": "sha512-KNSGTqAJZDhC1D28X8DXd0PIbRK/R8VV1UOW32qaElZf8+LMtKy8+QP4VnzwiSfmzWlVPq19Z1azBZza4Wu+Nw==",
      "dependencies": {
        "astn-handlers-api": "^0.13.0",
        "pareto-api-core": "^0.3.0"
      }
    },
    "node_modules/astn-unmarshall-lib": {
      "version": "0.21.0",
      "resolved": "https://registry.npmjs.org/astn-unmarshall-lib/-/astn-unmarshall-lib-0.21.0.tgz",
      "integrity": "sha512-rfQ4Mj3KgLjCAkUobxZSGu0apzlWjd4UAZEmCPZoYLOSz8dLiMaxHhUe+GAoG0y4+RM22uM4lqBHxqSYTxeG2A==",
      "dependencies": {
        "astn-handlers-api": "^0.13.0",
        "astn-typedhandlers-api": "^0.17.0",
        "astn-unmarshall-api": "^0.15.0",
        "pareto-core-lib": "^0.6.0"
      }
    },
    "node_modules/astn-unmarshall-lib/node_modules/astn-typedhandlers-api": {
      "version": "0.17.0",
      "resolved": "https://registry.npmjs.org/astn-typedhandlers-api/-/astn-typedhandlers-api-0.17.0.tgz",
      "integrity": "sha512-KNSGTqAJZDhC1D28X8DXd0PIbRK/R8VV1UOW32qaElZf8+LMtKy8+QP4VnzwiSfmzWlVPq19Z1azBZza4Wu+Nw==",
      "dependencies": {
        "astn-handlers-api": "^0.13.0",
        "pareto-api-core": "^0.3.0"
      }
    },
    "node_modules/astn-unmarshall-lib/node_modules/pareto-core-lib": {
      "version": "0.6.0",
      "resolved": "https://registry.npmjs.org/pareto-core-lib/-/pareto-core-lib-0.6.0.tgz",
      "integrity": "sha512-Y365jVSamLVtucErTZnEVLBMAP7m0nBl4+IQ668dXIQHq36tC1na7j1fMRRu2aU5I5ld3U1tV1B46iHudW5+iA==",
      "dependencies": {
        "pareto-api-core": "^0.3.0"
      }
    },
    "node_modules/fountain-pen-lib": {
      "version": "4.13.0",
      "resolved": "https://registry.npmjs.org/fountain-pen-lib/-/fountain-pen-lib-4.13.0.tgz",
      "integrity": "sha512-w4pAK1t6y4TSrTNopYfLJ9kLIBzif89tCf1aYBiITxRGZBFYnblRIVjWZSDeNNT0KWtTImsXhHS/JZpLaHfHzg==",
      "dependencies": {
        "pareto-core-lib": "^0.11.0"
      }
    },
    "node_modules/fountain-pen-lib/node_modules/pareto-core-lib": {
      "version": "0.11.0",
      "resolved": "https://registry.npmjs.org/pareto-core-lib/-/pareto-core-lib-0.11.0.tgz",
      "integrity": "sha512-1oxjBVEjORAot9gbEuA4hfolvTYi2iju6emT47zMpL/VwtHrVg42chtZAHQPU7AVGD+ItIeuoX4DMG9OnHJeDQ==",
      "dependencies": {
        "pareto-typesystem-core": "^0.4.0"
      }
    },
    "node_modules/pareto-api-core": {
      "version": "0.3.0",
      "resolved": "https://registry.npmjs.org/pareto-api-core/-/pareto-api-core-0.3.0.tgz",
      "integrity": "sha512-3Ohd8JOwqzGk4eC3BpZR21dLp6hr1I/6AoUf23huzEDbWYmZfN1c9w3S78tm9DGQZ8/sOJl5nEGCaOudOWhohg=="
    },
    "node_modules/pareto-core-async": {
      "version": "0.26.0",
      "resolved": "https://registry.npmjs.org/pareto-core-async/-/pareto-core-async-0.26.0.tgz",
      "integrity": "sha512-7aQkm1gDlMiw/wXV9eitk0sSFlQwzL8O63jQ39rK0YzQniJS8ASJKp7GScbPpmej2sTyg5mLx0Y2bv1UTMXWHw==",
      "dependencies": {
        "pareto-core-lib": "^0.4.0",
        "pareto-typesystem-core": "^0.6.0"
      }
    },
    "node_modules/pareto-core-async/node_modules/pareto-typesystem-core": {
      "version": "0.6.0",
      "resolved": "https://registry.npmjs.org/pareto-typesystem-core/-/pareto-typesystem-core-0.6.0.tgz",
      "integrity": "sha512-CJwKu7lYvLBEzNuvbp5Vk8eND0Jsmlburk04/PsknFAx9QiN9EpYhRAQ1oJY4OAh6hZv6WY/kLAAAZu6w2LuxQ=="
    },
    "node_modules/pareto-core-exe": {
      "version": "0.3.0",
      "resolved": "https://registry.npmjs.org/pareto-core-exe/-/pareto-core-exe-0.3.0.tgz",
      "integrity": "sha512-XDqDk4fVSxnL9o4jcbcA/ML1e4oc6HzGk3GFsGTEju3pGEt8qEU/v1ZP+nUhQzZoLdpscDPxlMJJzEWA6n/d+w=="
    },
    "node_modules/pareto-filesystem-api": {
      "version": "0.29.0",
      "resolved": "https://registry.npmjs.org/pareto-filesystem-api/-/pareto-filesystem-api-0.29.0.tgz",
      "integrity": "sha512-iwfGwP+87OC26u26h7q6zU8wEdYDkmfgyDnfhL6L85lmuBmkMZryaw271Y3dRco2Z9Uqm8zX37w2xfcvu4Z+ZQ==",
      "dependencies": {
        "pareto-typesystem-core": "^0.4.0"
      }
    },
    "node_modules/pareto-filesystem-res": {
      "version": "0.40.0",
      "resolved": "https://registry.npmjs.org/pareto-filesystem-res/-/pareto-filesystem-res-0.40.0.tgz",
      "integrity": "sha512-2qwVrdOPfZg0FOFC6HjMblwq9Y9gtkViQ1URtM+OaRqlQq2tGmNNl5p6S++mBquGcN1uZ3P+qK7UogHnvvKLLQ==",
      "dependencies": {
        "pareto-filesystem-api": "^0.29.0",
        "pareto-handledfilesystem-api": "^0.14.0",
        "pareto-core-lib": "^0.11.0"
      }
    },
    "node_modules/pareto-filesystem-res/node_modules/pareto-core-lib": {
      "version": "0.11.0",
      "resolved": "https://registry.npmjs.org/pareto-core-lib/-/pareto-core-lib-0.11.0.tgz",
      "integrity": "sha512-1oxjBVEjORAot9gbEuA4hfolvTYi2iju6emT47zMpL/VwtHrVg42chtZAHQPU7AVGD+ItIeuoX4DMG9OnHJeDQ==",
      "dependencies": {
        "pareto-typesystem-core": "^0.4.0"
      }
    },
    "node_modules/pareto-handledfilesystem-api": {
      "version": "0.14.0",
      "resolved": "https://registry.npmjs.org/pareto-handledfilesystem-api/-/pareto-handledfilesystem-api-0.14.0.tgz",
      "integrity": "sha512-dB3KvTVgEoZkToYdibYQCGhMYn9YBCZmT4WXq6DEe3t/512nYRVAyZVwkPTPjCrwVnTaJ6RDiuOri1HZAk7vwQ==",
      "dependencies": {
        "pareto-typesystem-core": "^0.4.0"
      }
    },
    "node_modules/pareto-lang-lib": {
      "version": "0.19.0",
      "resolved": "https://registry.npmjs.org/pareto-lang-lib/-/pareto-lang-lib-0.19.0.tgz",
      "integrity": "sha512-+kBCL9FmfF19DUX2a/CCvGtMvY87K0/U8Sq5iy1lWWeKBC7dDvfapxTtJdIexK1cBg89gtUifXta+cUEVdylOw==",
      "dependencies": {
        "astn-expect-lib": "^0.18.0",
        "astn-handlers-api": "^0.15.0",
        "fountain-pen-lib": "^4.13.0",
        "pareto-core-lib": "^0.11.0"
      }
    },
    "node_modules/pareto-lang-lib/node_modules/astn-handlers-api": {
      "version": "0.15.0",
      "resolved": "https://registry.npmjs.org/astn-handlers-api/-/astn-handlers-api-0.15.0.tgz",
      "integrity": "sha512-oDMhz7IHJYQ52Mmz0V/7e0ENvMY7Uvy8dhcSSaC0rzHX2zo4kEOb6Dn5IcQ91QZF70GxctekyxLqxJqhXwnreA=="
    },
    "node_modules/pareto-lang-lib/node_modules/pareto-core-lib": {
      "version": "0.11.0",
      "resolved": "https://registry.npmjs.org/pareto-core-lib/-/pareto-core-lib-0.11.0.tgz",
      "integrity": "sha512-1oxjBVEjORAot9gbEuA4hfolvTYi2iju6emT47zMpL/VwtHrVg42chtZAHQPU7AVGD+ItIeuoX4DMG9OnHJeDQ==",
      "dependencies": {
        "pareto-typesystem-core": "^0.4.0"
      }
    },
    "node_modules/pareto-core-lib": {
      "version": "0.13.0",
      "resolved": "https://registry.npmjs.org/pareto-core-lib/-/pareto-core-lib-0.13.0.tgz",
      "integrity": "sha512-fVEIhq2G7ZJ9VDowMaftS8MhyGCShQkk8h0JFFWLsEm3usM//gffdeOfxKBdoPa8gdKskVozv3wbWf6jFTnEUQ==",
      "dependencies": {
        "pareto-typesystem-core": "^0.6.0"
      }
    },
    "node_modules/pareto-core-lib/node_modules/pareto-typesystem-core": {
      "version": "0.6.0",
      "resolved": "https://registry.npmjs.org/pareto-typesystem-core/-/pareto-typesystem-core-0.6.0.tgz",
      "integrity": "sha512-CJwKu7lYvLBEzNuvbp5Vk8eND0Jsmlburk04/PsknFAx9QiN9EpYhRAQ1oJY4OAh6hZv6WY/kLAAAZu6w2LuxQ=="
    },
    "node_modules/pareto-core-resolve": {
      "version": "0.14.0",
      "resolved": "https://registry.npmjs.org/pareto-core-resolve/-/pareto-core-resolve-0.14.0.tgz",
      "integrity": "sha512-8C00E5209hSkWPu1qhSCFyUWIh+aJZ3Y9aqhF+oZfnyjB5wzNelEw0y6I8j1gsUuoMdE9MSjh3sUUmKnO1uRdg==",
      "dependencies": {
        "pareto-typesystem-core": "^0.6.0"
      }
    },
    "node_modules/pareto-core-resolve/node_modules/pareto-typesystem-core": {
      "version": "0.6.0",
      "resolved": "https://registry.npmjs.org/pareto-typesystem-core/-/pareto-typesystem-core-0.6.0.tgz",
      "integrity": "sha512-CJwKu7lYvLBEzNuvbp5Vk8eND0Jsmlburk04/PsknFAx9QiN9EpYhRAQ1oJY4OAh6hZv6WY/kLAAAZu6w2LuxQ=="
    },
    "node_modules/pareto-statemachine-core": {
      "version": "0.1.0",
      "resolved": "https://registry.npmjs.org/pareto-statemachine-core/-/pareto-statemachine-core-0.1.0.tgz",
      "integrity": "sha512-XqoC/61BJFiSM/t68k6TFMqHE8cbNI3xoyOmyrAUJzSjBXr3hUAUUxLIuMmx1SHUjaArQ07B1Glw4qgea0z5MA==",
      "dependencies": {
        "pareto-core-lib": "^0.11.0"
      }
    },
    "node_modules/pareto-statemachine-core/node_modules/pareto-core-lib": {
      "version": "0.11.0",
      "resolved": "https://registry.npmjs.org/pareto-core-lib/-/pareto-core-lib-0.11.0.tgz",
      "integrity": "sha512-1oxjBVEjORAot9gbEuA4hfolvTYi2iju6emT47zMpL/VwtHrVg42chtZAHQPU7AVGD+ItIeuoX4DMG9OnHJeDQ==",
      "dependencies": {
        "pareto-typesystem-core": "^0.4.0"
      }
    },
    "node_modules/pareto-core-tostring": {
      "version": "0.1.0",
      "resolved": "https://registry.npmjs.org/pareto-core-tostring/-/pareto-core-tostring-0.1.0.tgz",
      "integrity": "sha512-LfE6Op1vJvL+9nJZO/S1c92puLvj1UpookZYNwyzT1/xEGjp1Abwj0GqWNap86pUDPm25Z1qLr4Ua4+sD2Er1Q==",
      "dependencies": {
        "pareto-core-lib": "^0.11.0"
      }
    },
    "node_modules/pareto-core-tostring/node_modules/pareto-core-lib": {
      "version": "0.11.0",
      "resolved": "https://registry.npmjs.org/pareto-core-lib/-/pareto-core-lib-0.11.0.tgz",
      "integrity": "sha512-1oxjBVEjORAot9gbEuA4hfolvTYi2iju6emT47zMpL/VwtHrVg42chtZAHQPU7AVGD+ItIeuoX4DMG9OnHJeDQ==",
      "dependencies": {
        "pareto-typesystem-core": "^0.4.0"
      }
    },
    "node_modules/pareto-typesystem-core": {
      "version": "0.4.0",
      "resolved": "https://registry.npmjs.org/pareto-typesystem-core/-/pareto-typesystem-core-0.4.0.tgz",
      "integrity": "sha512-5fk2LTxNyo3TCz/+c9MTcbiWzJLBPL6uHuYXloOKdMtsGQ/djf4josk6NtfdTNpcJSGDapYGbiRm8uxfWp6e0w=="
    },
    "node_modules/pareto-ugly-stuff-api": {
      "version": "0.10.0",
      "resolved": "https://registry.npmjs.org/pareto-ugly-stuff-api/-/pareto-ugly-stuff-api-0.10.0.tgz",
      "integrity": "sha512-C8ViaFqXmGPivkPWxzg5bc+DDz/nKtXte9RFVBkvw3EUu0O2CzqKdBwB9T46njPXQkYDVvAflRDpcDjWJbbuGA==",
      "dependencies": {
        "pareto-typesystem-core": "^0.4.0"
      }
    }
  },
  "dependencies": {
    "astn-expect-lib": {
      "version": "0.18.0",
      "resolved": "https://registry.npmjs.org/astn-expect-lib/-/astn-expect-lib-0.18.0.tgz",
      "integrity": "sha512-Xk8X8v9NRPspQA0YRmL3j8o0yVtNLk0iMBORcldAJE9IJcwlVvbV0Qs9mUlVl3WgTXK376FdRmltMcAG0oofwQ==",
      "requires": {
        "astn-handlers-api": "^0.15.0",
        "pareto-core-candidates": "^0.13.0",
        "pareto-core-lib": "^0.11.0",
        "pareto-statemachine-core": "^0.1.0",
        "pareto-core-tostring": "^0.1.0",
        "pareto-ugly-stuff-api": "^0.10.0"
      },
      "dependencies": {
        "astn-handlers-api": {
          "version": "0.15.0",
          "resolved": "https://registry.npmjs.org/astn-handlers-api/-/astn-handlers-api-0.15.0.tgz",
          "integrity": "sha512-oDMhz7IHJYQ52Mmz0V/7e0ENvMY7Uvy8dhcSSaC0rzHX2zo4kEOb6Dn5IcQ91QZF70GxctekyxLqxJqhXwnreA=="
        },
        "pareto-core-candidates": {
          "version": "0.13.0",
          "resolved": "https://registry.npmjs.org/pareto-core-candidates/-/pareto-core-candidates-0.13.0.tgz",
          "integrity": "sha512-p1KCsZaGLIkDoBSQgLWgzzPUD9EQA55x/bgX88y9PlR/9F+hjs/SyUrRD8yuJlLVAiLuAiAtQH2T47adpDsVNA==",
          "requires": {
            "pareto-core-lib": "^0.11.0",
            "pareto-statemachine-core": "^0.1.0"
          }
        },
        "pareto-core-lib": {
          "version": "0.11.0",
          "resolved": "https://registry.npmjs.org/pareto-core-lib/-/pareto-core-lib-0.11.0.tgz",
          "integrity": "sha512-1oxjBVEjORAot9gbEuA4hfolvTYi2iju6emT47zMpL/VwtHrVg42chtZAHQPU7AVGD+ItIeuoX4DMG9OnHJeDQ==",
          "requires": {
            "pareto-typesystem-core": "^0.4.0"
          }
        }
      }
    },
    "astn-handlers-api": {
      "version": "0.13.0",
      "resolved": "https://registry.npmjs.org/astn-handlers-api/-/astn-handlers-api-0.13.0.tgz",
      "integrity": "sha512-H7//L+H+g5Vzxm+m0b7xG5WYcmuXogDDD+OohnGoS99fHpEk4UF2kwlLKy1lsJxRV+oC8PdzkM7n4Av4h6A8rg=="
    },
    "astn-marshall-api": {
      "version": "0.12.0",
      "resolved": "https://registry.npmjs.org/astn-marshall-api/-/astn-marshall-api-0.12.0.tgz",
      "integrity": "sha512-BGO21OPYaEv2tXKJx5Uha4ciRYdlytWnt7P8pK6eF5MMvcz/6bk7e2HA9GsRDHlsO0u2ZE2lyqoy+q+v+Z4J5A==",
      "requires": {
        "astn-handlers-api": "^0.13.0",
        "astn-serializer-api": "^0.10.0",
        "astn-tokenconsumer-api": "^0.5.0"
      },
      "dependencies": {
        "astn-tokenconsumer-api": {
          "version": "0.5.0",
          "resolved": "https://registry.npmjs.org/astn-tokenconsumer-api/-/astn-tokenconsumer-api-0.5.0.tgz",
          "integrity": "sha512-NKbB0qt/4cLKpxBbiqnKc2akbsf97oqsjUf2l+osMSyLtzQHUgweg2+UhFBWhPj1hGBoCZXZuYLIdz3N/YFBAQ=="
        }
      }
    },
    "astn-marshall-lib": {
      "version": "0.18.0",
      "resolved": "https://registry.npmjs.org/astn-marshall-lib/-/astn-marshall-lib-0.18.0.tgz",
      "integrity": "sha512-L3T1fQyMbeKe3vMu9EbGCprVtofQNMNnVQecwewRTJ1Mzl1r9P0fHCPSFWfqRjLgfkPzxZghz3HsVuxEf7OXyw==",
      "requires": {
        "astn-marshall-api": "^0.12.0",
        "astn-parser-api": "^0.26.0",
        "astn-typedhandlers-api": "^0.17.0",
        "pareto-core-lib": "^0.6.0"
      },
      "dependencies": {
        "astn-typedhandlers-api": {
          "version": "0.17.0",
          "resolved": "https://registry.npmjs.org/astn-typedhandlers-api/-/astn-typedhandlers-api-0.17.0.tgz",
          "integrity": "sha512-KNSGTqAJZDhC1D28X8DXd0PIbRK/R8VV1UOW32qaElZf8+LMtKy8+QP4VnzwiSfmzWlVPq19Z1azBZza4Wu+Nw==",
          "requires": {
            "astn-handlers-api": "^0.13.0",
            "pareto-api-core": "^0.3.0"
          }
        },
        "pareto-core-lib": {
          "version": "0.6.0",
          "resolved": "https://registry.npmjs.org/pareto-core-lib/-/pareto-core-lib-0.6.0.tgz",
          "integrity": "sha512-Y365jVSamLVtucErTZnEVLBMAP7m0nBl4+IQ668dXIQHq36tC1na7j1fMRRu2aU5I5ld3U1tV1B46iHudW5+iA==",
          "requires": {
            "pareto-api-core": "^0.3.0"
          }
        }
      }
    },
    "astn-parser-api": {
      "version": "0.26.0",
      "resolved": "https://registry.npmjs.org/astn-parser-api/-/astn-parser-api-0.26.0.tgz",
      "integrity": "sha512-zxRvc4wuTmjf8n1CBQ0+aA702A/PqeYFPeteUiqylaiHSLxBuwd207Vdp/Y4UJ8IiaTbnISpmfNHUjNoyCcWYQ==",
      "requires": {
        "astn-handlers-api": "^0.13.0",
        "astn-tokenconsumer-api": "^0.5.0"
      },
      "dependencies": {
        "astn-tokenconsumer-api": {
          "version": "0.5.0",
          "resolved": "https://registry.npmjs.org/astn-tokenconsumer-api/-/astn-tokenconsumer-api-0.5.0.tgz",
          "integrity": "sha512-NKbB0qt/4cLKpxBbiqnKc2akbsf97oqsjUf2l+osMSyLtzQHUgweg2+UhFBWhPj1hGBoCZXZuYLIdz3N/YFBAQ=="
        }
      }
    },
    "astn-parser-lib": {
      "version": "0.23.0",
      "resolved": "https://registry.npmjs.org/astn-parser-lib/-/astn-parser-lib-0.23.0.tgz",
      "integrity": "sha512-QwEfGzoFB28TaF9nZzwqY2Ivc3d+ouBR9MG1TG0CdnNVv7I2o3sGa5vBcN0M9Dabn9WyFf06NMra0I6s0K2ZtQ==",
      "requires": {
        "astn-parser-api": "^0.26.0",
        "pareto-core-lib": "^0.6.0"
      },
      "dependencies": {
        "pareto-core-lib": {
          "version": "0.6.0",
          "resolved": "https://registry.npmjs.org/pareto-core-lib/-/pareto-core-lib-0.6.0.tgz",
          "integrity": "sha512-Y365jVSamLVtucErTZnEVLBMAP7m0nBl4+IQ668dXIQHq36tC1na7j1fMRRu2aU5I5ld3U1tV1B46iHudW5+iA==",
          "requires": {
            "pareto-api-core": "^0.3.0"
          }
        }
      }
    },
    "astn-serializer-api": {
      "version": "0.10.0",
      "resolved": "https://registry.npmjs.org/astn-serializer-api/-/astn-serializer-api-0.10.0.tgz",
      "integrity": "sha512-b0c2DEPYsqQZ3JwCvNEHEBRBApFYAbE9rUfRUwMBxrLT1+XxlY10gLle2fXcLK9TCWQsoLWtZknHgUkfjksJ3w==",
      "requires": {
        "astn-handlers-api": "^0.13.0"
      }
    },
    "astn-tokenconsumer-api": {
      "version": "0.4.0",
      "resolved": "https://registry.npmjs.org/astn-tokenconsumer-api/-/astn-tokenconsumer-api-0.4.0.tgz",
      "integrity": "sha512-ZEXgLcNPX01a0aM69A6QCG4SXZtteYZeS3RlUQzRTxdVsE7SD6zDnWn8L5AV07KL2P/dZnVjOpWHMkUxul4+hA=="
    },
    "astn-tokenizer-api": {
      "version": "0.8.0",
      "resolved": "https://registry.npmjs.org/astn-tokenizer-api/-/astn-tokenizer-api-0.8.0.tgz",
      "integrity": "sha512-ZaKqZ8spQlN/kSU7/WOZP6h+63soNjJy4zghZSeFnSLbrXGCzIRt1rSU5a1AbdDMUoIB1/SvGzDM+GSqn0Y6nQ==",
      "requires": {
        "astn-tokenconsumer-api": "^0.5.0"
      },
      "dependencies": {
        "astn-tokenconsumer-api": {
          "version": "0.5.0",
          "resolved": "https://registry.npmjs.org/astn-tokenconsumer-api/-/astn-tokenconsumer-api-0.5.0.tgz",
          "integrity": "sha512-NKbB0qt/4cLKpxBbiqnKc2akbsf97oqsjUf2l+osMSyLtzQHUgweg2+UhFBWhPj1hGBoCZXZuYLIdz3N/YFBAQ=="
        }
      }
    },
    "astn-tokenizer-lib": {
      "version": "0.17.0",
      "resolved": "https://registry.npmjs.org/astn-tokenizer-lib/-/astn-tokenizer-lib-0.17.0.tgz",
      "integrity": "sha512-b/vSzklT1vKIkJC4cJR5moa2GX7Uwjn3gsz0SUx9huX7qFv8RvZNnw0Wa/ff3J96gCl40T0l3dFNuuCOZLKmrw==",
      "requires": {
        "astn-tokenizer-api": "^0.8.0",
        "pareto-core-lib": "^0.6.0"
      },
      "dependencies": {
        "pareto-core-lib": {
          "version": "0.6.0",
          "resolved": "https://registry.npmjs.org/pareto-core-lib/-/pareto-core-lib-0.6.0.tgz",
          "integrity": "sha512-Y365jVSamLVtucErTZnEVLBMAP7m0nBl4+IQ668dXIQHq36tC1na7j1fMRRu2aU5I5ld3U1tV1B46iHudW5+iA==",
          "requires": {
            "pareto-api-core": "^0.3.0"
          }
        }
      }
    },
    "astn-typedhandlers-api": {
      "version": "0.14.0",
      "resolved": "https://registry.npmjs.org/astn-typedhandlers-api/-/astn-typedhandlers-api-0.14.0.tgz",
      "integrity": "sha512-XI87tlphRzp9gaPcVW3OuHT3K5RB0Hiw/S/fIywEHEsjhqWmZFRauWo9gUlhEeX8LJzHNBMFVgEC/hCfEJPvhQ==",
      "requires": {
        "astn-handlers-api": "^0.10.0",
        "pareto-api-core": "^0.3.0"
      },
      "dependencies": {
        "astn-handlers-api": {
          "version": "0.10.0",
          "resolved": "https://registry.npmjs.org/astn-handlers-api/-/astn-handlers-api-0.10.0.tgz",
          "integrity": "sha512-WBW+qQ15qgh1jrbgw3Sn8cVpnD6O05Jw6v5zBF1FZPCY8vuhVmyqxKJKcABk9TGpzOsQtKlLXIByZeisPvAQ1A==",
          "requires": {
            "astn-tokenconsumer-api": "^0.4.0"
          }
        }
      }
    },
    "astn-typedtreehandler-lib": {
      "version": "0.14.0",
      "resolved": "https://registry.npmjs.org/astn-typedtreehandler-lib/-/astn-typedtreehandler-lib-0.14.0.tgz",
      "integrity": "sha512-eSgZTMKoBsxR4TlJEeJVpnS28/f/Z+fXLP4um+sSIwxi1q/7RyAK2slesQSTO0IKScb8N8r9TUirZiIg8IwnJA==",
      "requires": {
        "astn-expect-api": "^0.4.0",
        "astn-handlers-api": "^0.11.0",
        "astn-tokenconsumer-api": "^0.4.0",
        "astn-typedhandlers-api": "^0.14.0",
        "pareto-core-lib": "^0.6.0",
        "pareto-resolve-lib": "^0.5.0"
      },
      "dependencies": {
        "astn-expect-api": {
          "version": "0.4.0",
          "resolved": "https://registry.npmjs.org/astn-expect-api/-/astn-expect-api-0.4.0.tgz",
          "integrity": "sha512-gV44JBE7m1c85tNtg47JYKFvyC6qyvTYvaNFO4qCmK7b+BBo4DBd5qvlOjWAGlnqnbkM50XSda68m8bFP1Dghg==",
          "requires": {
            "astn-handlers-api": "^0.11.0"
          }
        },
        "astn-handlers-api": {
          "version": "0.11.0",
          "resolved": "https://registry.npmjs.org/astn-handlers-api/-/astn-handlers-api-0.11.0.tgz",
          "integrity": "sha512-EEL9iejjvRUC05RSOdQZFI9MibtoOJEk+NmkUQwIz9PzQtM9Ix5PL7LwJmleo7RMLSo6y/eNG4RTJMUV1+RY6Q==",
          "requires": {
            "astn-tokenconsumer-api": "^0.4.0"
          }
        },
        "pareto-core-lib": {
          "version": "0.6.0",
          "resolved": "https://registry.npmjs.org/pareto-core-lib/-/pareto-core-lib-0.6.0.tgz",
          "integrity": "sha512-Y365jVSamLVtucErTZnEVLBMAP7m0nBl4+IQ668dXIQHq36tC1na7j1fMRRu2aU5I5ld3U1tV1B46iHudW5+iA==",
          "requires": {
            "pareto-api-core": "^0.3.0"
          }
        },
        "pareto-resolve-lib": {
          "version": "0.5.0",
          "resolved": "https://registry.npmjs.org/pareto-resolve-lib/-/pareto-resolve-lib-0.5.0.tgz",
          "integrity": "sha512-sWZ2KZLoU1V0ZjTWDSMDbog17gsNhCB2k1cDNSj09wv2oe0QpbWOWEndytmn3PE0soEOAFS7V07mc+kPa4Pnsw==",
          "requires": {
            "pareto-api-core": "^0.3.0"
          }
        }
      }
    },
    "astn-unmarshall-api": {
      "version": "0.15.0",
      "resolved": "https://registry.npmjs.org/astn-unmarshall-api/-/astn-unmarshall-api-0.15.0.tgz",
      "integrity": "sha512-0l6LACcMvscYTawjKgEEeIYKCxFVumcF8k8YT2Z/viXTwH43QEHVI1m1xmWGItN4mKMuAAA4FIKfUgPlZSvkFQ==",
      "requires": {
        "astn-handlers-api": "^0.13.0",
        "astn-typedhandlers-api": "^0.17.0"
      },
      "dependencies": {
        "astn-typedhandlers-api": {
          "version": "0.17.0",
          "resolved": "https://registry.npmjs.org/astn-typedhandlers-api/-/astn-typedhandlers-api-0.17.0.tgz",
          "integrity": "sha512-KNSGTqAJZDhC1D28X8DXd0PIbRK/R8VV1UOW32qaElZf8+LMtKy8+QP4VnzwiSfmzWlVPq19Z1azBZza4Wu+Nw==",
          "requires": {
            "astn-handlers-api": "^0.13.0",
            "pareto-api-core": "^0.3.0"
          }
        }
      }
    },
    "astn-unmarshall-lib": {
      "version": "0.21.0",
      "resolved": "https://registry.npmjs.org/astn-unmarshall-lib/-/astn-unmarshall-lib-0.21.0.tgz",
      "integrity": "sha512-rfQ4Mj3KgLjCAkUobxZSGu0apzlWjd4UAZEmCPZoYLOSz8dLiMaxHhUe+GAoG0y4+RM22uM4lqBHxqSYTxeG2A==",
      "requires": {
        "astn-handlers-api": "^0.13.0",
        "astn-typedhandlers-api": "^0.17.0",
        "astn-unmarshall-api": "^0.15.0",
        "pareto-core-lib": "^0.6.0"
      },
      "dependencies": {
        "astn-typedhandlers-api": {
          "version": "0.17.0",
          "resolved": "https://registry.npmjs.org/astn-typedhandlers-api/-/astn-typedhandlers-api-0.17.0.tgz",
          "integrity": "sha512-KNSGTqAJZDhC1D28X8DXd0PIbRK/R8VV1UOW32qaElZf8+LMtKy8+QP4VnzwiSfmzWlVPq19Z1azBZza4Wu+Nw==",
          "requires": {
            "astn-handlers-api": "^0.13.0",
            "pareto-api-core": "^0.3.0"
          }
        },
        "pareto-core-lib": {
          "version": "0.6.0",
          "resolved": "https://registry.npmjs.org/pareto-core-lib/-/pareto-core-lib-0.6.0.tgz",
          "integrity": "sha512-Y365jVSamLVtucErTZnEVLBMAP7m0nBl4+IQ668dXIQHq36tC1na7j1fMRRu2aU5I5ld3U1tV1B46iHudW5+iA==",
          "requires": {
            "pareto-api-core": "^0.3.0"
          }
        }
      }
    },
    "fountain-pen-lib": {
      "version": "4.13.0",
      "resolved": "https://registry.npmjs.org/fountain-pen-lib/-/fountain-pen-lib-4.13.0.tgz",
      "integrity": "sha512-w4pAK1t6y4TSrTNopYfLJ9kLIBzif89tCf1aYBiITxRGZBFYnblRIVjWZSDeNNT0KWtTImsXhHS/JZpLaHfHzg==",
      "requires": {
        "pareto-core-lib": "^0.11.0"
      },
      "dependencies": {
        "pareto-core-lib": {
          "version": "0.11.0",
          "resolved": "https://registry.npmjs.org/pareto-core-lib/-/pareto-core-lib-0.11.0.tgz",
          "integrity": "sha512-1oxjBVEjORAot9gbEuA4hfolvTYi2iju6emT47zMpL/VwtHrVg42chtZAHQPU7AVGD+ItIeuoX4DMG9OnHJeDQ==",
          "requires": {
            "pareto-typesystem-core": "^0.4.0"
          }
        }
      }
    },
    "pareto-api-core": {
      "version": "0.3.0",
      "resolved": "https://registry.npmjs.org/pareto-api-core/-/pareto-api-core-0.3.0.tgz",
      "integrity": "sha512-3Ohd8JOwqzGk4eC3BpZR21dLp6hr1I/6AoUf23huzEDbWYmZfN1c9w3S78tm9DGQZ8/sOJl5nEGCaOudOWhohg=="
    },
    "pareto-core-async": {
      "version": "0.26.0",
      "resolved": "https://registry.npmjs.org/pareto-core-async/-/pareto-core-async-0.26.0.tgz",
      "integrity": "sha512-7aQkm1gDlMiw/wXV9eitk0sSFlQwzL8O63jQ39rK0YzQniJS8ASJKp7GScbPpmej2sTyg5mLx0Y2bv1UTMXWHw==",
      "requires": {
        "pareto-core-lib": "^0.4.0",
        "pareto-typesystem-core": "^0.6.0"
      },
      "dependencies": {
        "pareto-typesystem-core": {
          "version": "0.6.0",
          "resolved": "https://registry.npmjs.org/pareto-typesystem-core/-/pareto-typesystem-core-0.6.0.tgz",
          "integrity": "sha512-CJwKu7lYvLBEzNuvbp5Vk8eND0Jsmlburk04/PsknFAx9QiN9EpYhRAQ1oJY4OAh6hZv6WY/kLAAAZu6w2LuxQ=="
        }
      }
    },
    "pareto-core-exe": {
      "version": "0.3.0",
      "resolved": "https://registry.npmjs.org/pareto-core-exe/-/pareto-core-exe-0.3.0.tgz",
      "integrity": "sha512-XDqDk4fVSxnL9o4jcbcA/ML1e4oc6HzGk3GFsGTEju3pGEt8qEU/v1ZP+nUhQzZoLdpscDPxlMJJzEWA6n/d+w=="
    },
    "pareto-filesystem-api": {
      "version": "0.29.0",
      "resolved": "https://registry.npmjs.org/pareto-filesystem-api/-/pareto-filesystem-api-0.29.0.tgz",
      "integrity": "sha512-iwfGwP+87OC26u26h7q6zU8wEdYDkmfgyDnfhL6L85lmuBmkMZryaw271Y3dRco2Z9Uqm8zX37w2xfcvu4Z+ZQ==",
      "requires": {
        "pareto-typesystem-core": "^0.4.0"
      }
    },
    "pareto-filesystem-res": {
      "version": "0.40.0",
      "resolved": "https://registry.npmjs.org/pareto-filesystem-res/-/pareto-filesystem-res-0.40.0.tgz",
      "integrity": "sha512-2qwVrdOPfZg0FOFC6HjMblwq9Y9gtkViQ1URtM+OaRqlQq2tGmNNl5p6S++mBquGcN1uZ3P+qK7UogHnvvKLLQ==",
      "requires": {
        "pareto-filesystem-api": "^0.29.0",
        "pareto-handledfilesystem-api": "^0.14.0",
        "pareto-core-lib": "^0.11.0"
      },
      "dependencies": {
        "pareto-core-lib": {
          "version": "0.11.0",
          "resolved": "https://registry.npmjs.org/pareto-core-lib/-/pareto-core-lib-0.11.0.tgz",
          "integrity": "sha512-1oxjBVEjORAot9gbEuA4hfolvTYi2iju6emT47zMpL/VwtHrVg42chtZAHQPU7AVGD+ItIeuoX4DMG9OnHJeDQ==",
          "requires": {
            "pareto-typesystem-core": "^0.4.0"
          }
        }
      }
    },
    "pareto-handledfilesystem-api": {
      "version": "0.14.0",
      "resolved": "https://registry.npmjs.org/pareto-handledfilesystem-api/-/pareto-handledfilesystem-api-0.14.0.tgz",
      "integrity": "sha512-dB3KvTVgEoZkToYdibYQCGhMYn9YBCZmT4WXq6DEe3t/512nYRVAyZVwkPTPjCrwVnTaJ6RDiuOri1HZAk7vwQ==",
      "requires": {
        "pareto-typesystem-core": "^0.4.0"
      }
    },
    "pareto-lang-lib": {
      "version": "0.19.0",
      "resolved": "https://registry.npmjs.org/pareto-lang-lib/-/pareto-lang-lib-0.19.0.tgz",
      "integrity": "sha512-+kBCL9FmfF19DUX2a/CCvGtMvY87K0/U8Sq5iy1lWWeKBC7dDvfapxTtJdIexK1cBg89gtUifXta+cUEVdylOw==",
      "requires": {
        "astn-expect-lib": "^0.18.0",
        "astn-handlers-api": "^0.15.0",
        "fountain-pen-lib": "^4.13.0",
        "pareto-core-lib": "^0.11.0"
      },
      "dependencies": {
        "astn-handlers-api": {
          "version": "0.15.0",
          "resolved": "https://registry.npmjs.org/astn-handlers-api/-/astn-handlers-api-0.15.0.tgz",
          "integrity": "sha512-oDMhz7IHJYQ52Mmz0V/7e0ENvMY7Uvy8dhcSSaC0rzHX2zo4kEOb6Dn5IcQ91QZF70GxctekyxLqxJqhXwnreA=="
        },
        "pareto-core-lib": {
          "version": "0.11.0",
          "resolved": "https://registry.npmjs.org/pareto-core-lib/-/pareto-core-lib-0.11.0.tgz",
          "integrity": "sha512-1oxjBVEjORAot9gbEuA4hfolvTYi2iju6emT47zMpL/VwtHrVg42chtZAHQPU7AVGD+ItIeuoX4DMG9OnHJeDQ==",
          "requires": {
            "pareto-typesystem-core": "^0.4.0"
          }
        }
      }
    },
    "pareto-core-lib": {
      "version": "0.13.0",
      "resolved": "https://registry.npmjs.org/pareto-core-lib/-/pareto-core-lib-0.13.0.tgz",
      "integrity": "sha512-fVEIhq2G7ZJ9VDowMaftS8MhyGCShQkk8h0JFFWLsEm3usM//gffdeOfxKBdoPa8gdKskVozv3wbWf6jFTnEUQ==",
      "requires": {
        "pareto-typesystem-core": "^0.6.0"
      },
      "dependencies": {
        "pareto-typesystem-core": {
          "version": "0.6.0",
          "resolved": "https://registry.npmjs.org/pareto-typesystem-core/-/pareto-typesystem-core-0.6.0.tgz",
          "integrity": "sha512-CJwKu7lYvLBEzNuvbp5Vk8eND0Jsmlburk04/PsknFAx9QiN9EpYhRAQ1oJY4OAh6hZv6WY/kLAAAZu6w2LuxQ=="
        }
      }
    },
    "pareto-core-resolve": {
      "version": "0.14.0",
      "resolved": "https://registry.npmjs.org/pareto-core-resolve/-/pareto-core-resolve-0.14.0.tgz",
      "integrity": "sha512-8C00E5209hSkWPu1qhSCFyUWIh+aJZ3Y9aqhF+oZfnyjB5wzNelEw0y6I8j1gsUuoMdE9MSjh3sUUmKnO1uRdg==",
      "requires": {
        "pareto-typesystem-core": "^0.6.0"
      },
      "dependencies": {
        "pareto-typesystem-core": {
          "version": "0.6.0",
          "resolved": "https://registry.npmjs.org/pareto-typesystem-core/-/pareto-typesystem-core-0.6.0.tgz",
          "integrity": "sha512-CJwKu7lYvLBEzNuvbp5Vk8eND0Jsmlburk04/PsknFAx9QiN9EpYhRAQ1oJY4OAh6hZv6WY/kLAAAZu6w2LuxQ=="
        }
      }
    },
    "pareto-statemachine-core": {
      "version": "0.1.0",
      "resolved": "https://registry.npmjs.org/pareto-statemachine-core/-/pareto-statemachine-core-0.1.0.tgz",
      "integrity": "sha512-XqoC/61BJFiSM/t68k6TFMqHE8cbNI3xoyOmyrAUJzSjBXr3hUAUUxLIuMmx1SHUjaArQ07B1Glw4qgea0z5MA==",
      "requires": {
        "pareto-core-lib": "^0.11.0"
      },
      "dependencies": {
        "pareto-core-lib": {
          "version": "0.11.0",
          "resolved": "https://registry.npmjs.org/pareto-core-lib/-/pareto-core-lib-0.11.0.tgz",
          "integrity": "sha512-1oxjBVEjORAot9gbEuA4hfolvTYi2iju6emT47zMpL/VwtHrVg42chtZAHQPU7AVGD+ItIeuoX4DMG9OnHJeDQ==",
          "requires": {
            "pareto-typesystem-core": "^0.4.0"
          }
        }
      }
    },
    "pareto-core-tostring": {
      "version": "0.1.0",
      "resolved": "https://registry.npmjs.org/pareto-core-tostring/-/pareto-core-tostring-0.1.0.tgz",
      "integrity": "sha512-LfE6Op1vJvL+9nJZO/S1c92puLvj1UpookZYNwyzT1/xEGjp1Abwj0GqWNap86pUDPm25Z1qLr4Ua4+sD2Er1Q==",
      "requires": {
        "pareto-core-lib": "^0.11.0"
      },
      "dependencies": {
        "pareto-core-lib": {
          "version": "0.11.0",
          "resolved": "https://registry.npmjs.org/pareto-core-lib/-/pareto-core-lib-0.11.0.tgz",
          "integrity": "sha512-1oxjBVEjORAot9gbEuA4hfolvTYi2iju6emT47zMpL/VwtHrVg42chtZAHQPU7AVGD+ItIeuoX4DMG9OnHJeDQ==",
          "requires": {
            "pareto-typesystem-core": "^0.4.0"
          }
        }
      }
    },
    "pareto-typesystem-core": {
      "version": "0.4.0",
      "resolved": "https://registry.npmjs.org/pareto-typesystem-core/-/pareto-typesystem-core-0.4.0.tgz",
      "integrity": "sha512-5fk2LTxNyo3TCz/+c9MTcbiWzJLBPL6uHuYXloOKdMtsGQ/djf4josk6NtfdTNpcJSGDapYGbiRm8uxfWp6e0w=="
    },
    "pareto-ugly-stuff-api": {
      "version": "0.10.0",
      "resolved": "https://registry.npmjs.org/pareto-ugly-stuff-api/-/pareto-ugly-stuff-api-0.10.0.tgz",
      "integrity": "sha512-C8ViaFqXmGPivkPWxzg5bc+DDz/nKtXte9RFVBkvw3EUu0O2CzqKdBwB9T46njPXQkYDVvAflRDpcDjWJbbuGA==",
      "requires": {
        "pareto-typesystem-core": "^0.4.0"
      }
    }
  }
}
